
Microsoft Visual Studio Solution File, Format Version 12.00
# Visual Studio 15
VisualStudioVersion = 15.0.28307.329
MinimumVisualStudioVersion = 10.0.40219.1
Project("{D2ABAB84-BF74-430A-B69E-9DC6D40DDA17}") = "Analysis Services Tutorial", "Analysis Services Tutorial\Analysis Services Tutorial.dwproj", "{F9782C20-1614-48CB-B4F5-5AF322584D19}"
EndProject
Global
	GlobalSection(SolutionConfigurationPlatforms) = preSolution
		Development|Default = Development|Default
	EndGlobalSection
	GlobalSection(ProjectConfigurationPlatforms) = postSolution
		{F9782C20-1614-48CB-B4F5-5AF322584D19}.Development|Default.ActiveCfg = Development
		{F9782C20-1614-48CB-B4F5-5AF322584D19}.Development|Default.Build.0 = Development
		{F9782C20-1614-48CB-B4F5-5AF322584D19}.Development|Default.Deploy.0 = Development
	EndGlobalSection
	GlobalSection(SolutionProperties) = preSolution
		HideSolutionNode = FALSE
	EndGlobalSection
	GlobalSection(ExtensibilityGlobals) = postSolution
		SolutionGuid = {8BE5B249-97CD-4718-A625-81A5B9C3427D}
	EndGlobalSection
EndGlobal
